
Microsoft Visual Studio Solution File, Format Version 12.00
# Visual Studio Version 16
VisualStudioVersion = 16.0.29613.14
MinimumVisualStudioVersion = 10.0.40219.1
Project("{FAE04EC0-301F-11D3-BF4B-00C04F79EFBC}") = "ActsOnline", "ActsOnline\ActsOnline.csproj", "{90F1F086-601C-4F83-8288-1ADA0C6CB441}"
EndProject
Global
	GlobalSection(SolutionConfigurationPlatforms) = preSolution
		Debug|Any CPU = Debug|Any CPU
		Release|Any CPU = Release|Any CPU
	EndGlobalSection
	GlobalSection(ProjectConfigurationPlatforms) = postSolution
		{90F1F086-601C-4F83-8288-1ADA0C6CB441}.Debug|Any CPU.ActiveCfg = Debug|Any CPU
		{90F1F086-601C-4F83-8288-1ADA0C6CB441}.Debug|Any CPU.Build.0 = Debug|Any CPU
		{90F1F086-601C-4F83-8288-1ADA0C6CB441}.Release|Any CPU.ActiveCfg = Release|Any CPU
		{90F1F086-601C-4F83-8288-1ADA0C6CB441}.Release|Any CPU.Build.0 = Release|Any CPU
	EndGlobalSection
	GlobalSection(SolutionProperties) = preSolution
		HideSolutionNode = FALSE
	EndGlobalSection
	GlobalSection(ExtensibilityGlobals) = postSolution
		SolutionGuid = {29305CE1-0C64-4BB4-9593-E3D7454A393A}
	EndGlobalSection
EndGlobal
